// !$*UTF8*$!
{
	archiveVersion = 1;
	classes = {
	};
	objectVersion = 46;
	objects = {

/* Begin PBXBuildFile section */
		296BD4241E51829900053556 /* AwardsTableViewCell.swift in Sources */ = {isa = PBXBuildFile; fileRef = 296BD4231E51829900053556 /* AwardsTableViewCell.swift */; };
		296BD4261E5182AA00053556 /* AwardsViewController.swift in Sources */ = {isa = PBXBuildFile; fileRef = 296BD4251E5182AA00053556 /* AwardsViewController.swift */; };
		5236040B1E4DEF0E005E8129 /* AppDelegate.swift in Sources */ = {isa = PBXBuildFile; fileRef = 5236040A1E4DEF0E005E8129 /* AppDelegate.swift */; };
		523604101E4DEF0E005E8129 /* Main.storyboard in Resources */ = {isa = PBXBuildFile; fileRef = 5236040E1E4DEF0E005E8129 /* Main.storyboard */; };
		523604121E4DEF0E005E8129 /* Assets.xcassets in Resources */ = {isa = PBXBuildFile; fileRef = 523604111E4DEF0E005E8129 /* Assets.xcassets */; };
		523604151E4DEF0E005E8129 /* LaunchScreen.storyboard in Resources */ = {isa = PBXBuildFile; fileRef = 523604131E4DEF0E005E8129 /* LaunchScreen.storyboard */; };
		523604201E4DEF0F005E8129 /* ActionSheetInSwiftTests.swift in Sources */ = {isa = PBXBuildFile; fileRef = 5236041F1E4DEF0F005E8129 /* ActionSheetInSwiftTests.swift */; };
		5236042B1E4DEF0F005E8129 /* ActionSheetInSwiftUITests.swift in Sources */ = {isa = PBXBuildFile; fileRef = 5236042A1E4DEF0F005E8129 /* ActionSheetInSwiftUITests.swift */; };
		5236043A1E4E16F8005E8129 /* Social.framework in Frameworks */ = {isa = PBXBuildFile; fileRef = 523604391E4E16F8005E8129 /* Social.framework */; };
		5236043E1E4E27A3005E8129 /* QuoteViewController.swift in Sources */ = {isa = PBXBuildFile; fileRef = 5236043D1E4E27A3005E8129 /* QuoteViewController.swift */; };
		525A96CD1E4F4558009B8988 /* AboutTableViewController.swift in Sources */ = {isa = PBXBuildFile; fileRef = 525A96CC1E4F4558009B8988 /* AboutTableViewController.swift */; };
		526A5E281E507A9B00944770 /* ContactTableViewController.swift in Sources */ = {isa = PBXBuildFile; fileRef = 526A5E271E507A9B00944770 /* ContactTableViewController.swift */; };
		526A5E2B1E50823D00944770 /* MoreAppsTableViewController.swift in Sources */ = {isa = PBXBuildFile; fileRef = 526A5E2A1E50823D00944770 /* MoreAppsTableViewController.swift */; };
		526A5E2D1E508E7800944770 /* FTViewController.swift in Sources */ = {isa = PBXBuildFile; fileRef = 526A5E2C1E508E7800944770 /* FTViewController.swift */; };
/* End PBXBuildFile section */

/* Begin PBXContainerItemProxy section */
		5236041C1E4DEF0F005E8129 /* PBXContainerItemProxy */ = {
			isa = PBXContainerItemProxy;
			containerPortal = 523603FF1E4DEF0D005E8129 /* Project object */;
			proxyType = 1;
			remoteGlobalIDString = 523604061E4DEF0E005E8129;
			remoteInfo = ActionSheetInSwift;
		};
		523604271E4DEF0F005E8129 /* PBXContainerItemProxy */ = {
			isa = PBXContainerItemProxy;
			containerPortal = 523603FF1E4DEF0D005E8129 /* Project object */;
			proxyType = 1;
			remoteGlobalIDString = 523604061E4DEF0E005E8129;
			remoteInfo = ActionSheetInSwift;
		};
/* End PBXContainerItemProxy section */

/* Begin PBXFileReference section */
		296BD4231E51829900053556 /* AwardsTableViewCell.swift */ = {isa = PBXFileReference; fileEncoding = 4; lastKnownFileType = sourcecode.swift; path = AwardsTableViewCell.swift; sourceTree = "<group>"; };
		296BD4251E5182AA00053556 /* AwardsViewController.swift */ = {isa = PBXFileReference; fileEncoding = 4; lastKnownFileType = sourcecode.swift; path = AwardsViewController.swift; sourceTree = "<group>"; };
		523604071E4DEF0E005E8129 /* ActionSheetInSwift.app */ = {isa = PBXFileReference; explicitFileType = wrapper.application; includeInIndex = 0; path = ActionSheetInSwift.app; sourceTree = BUILT_PRODUCTS_DIR; };
		5236040A1E4DEF0E005E8129 /* AppDelegate.swift */ = {isa = PBXFileReference; lastKnownFileType = sourcecode.swift; path = AppDelegate.swift; sourceTree = "<group>"; };
		5236040F1E4DEF0E005E8129 /* Base */ = {isa = PBXFileReference; lastKnownFileType = file.storyboard; name = Base; path = Base.lproj/Main.storyboard; sourceTree = "<group>"; };
		523604111E4DEF0E005E8129 /* Assets.xcassets */ = {isa = PBXFileReference; lastKnownFileType = folder.assetcatalog; path = Assets.xcassets; sourceTree = "<group>"; };
		523604141E4DEF0E005E8129 /* Base */ = {isa = PBXFileReference; lastKnownFileType = file.storyboard; name = Base; path = Base.lproj/LaunchScreen.storyboard; sourceTree = "<group>"; };
		523604161E4DEF0E005E8129 /* Info.plist */ = {isa = PBXFileReference; lastKnownFileType = text.plist.xml; path = Info.plist; sourceTree = "<group>"; };
		5236041B1E4DEF0F005E8129 /* ActionSheetInSwiftTests.xctest */ = {isa = PBXFileReference; explicitFileType = wrapper.cfbundle; includeInIndex = 0; path = ActionSheetInSwiftTests.xctest; sourceTree = BUILT_PRODUCTS_DIR; };
		5236041F1E4DEF0F005E8129 /* ActionSheetInSwiftTests.swift */ = {isa = PBXFileReference; lastKnownFileType = sourcecode.swift; path = ActionSheetInSwiftTests.swift; sourceTree = "<group>"; };
		523604211E4DEF0F005E8129 /* Info.plist */ = {isa = PBXFileReference; lastKnownFileType = text.plist.xml; path = Info.plist; sourceTree = "<group>"; };
		523604261E4DEF0F005E8129 /* ActionSheetInSwiftUITests.xctest */ = {isa = PBXFileReference; explicitFileType = wrapper.cfbundle; includeInIndex = 0; path = ActionSheetInSwiftUITests.xctest; sourceTree = BUILT_PRODUCTS_DIR; };
		5236042A1E4DEF0F005E8129 /* ActionSheetInSwiftUITests.swift */ = {isa = PBXFileReference; lastKnownFileType = sourcecode.swift; path = ActionSheetInSwiftUITests.swift; sourceTree = "<group>"; };
		5236042C1E4DEF0F005E8129 /* Info.plist */ = {isa = PBXFileReference; lastKnownFileType = text.plist.xml; path = Info.plist; sourceTree = "<group>"; };
		523604391E4E16F8005E8129 /* Social.framework */ = {isa = PBXFileReference; lastKnownFileType = wrapper.framework; name = Social.framework; path = System/Library/Frameworks/Social.framework; sourceTree = SDKROOT; };
		5236043D1E4E27A3005E8129 /* QuoteViewController.swift */ = {isa = PBXFileReference; fileEncoding = 4; lastKnownFileType = sourcecode.swift; path = QuoteViewController.swift; sourceTree = "<group>"; };
		525A96CC1E4F4558009B8988 /* AboutTableViewController.swift */ = {isa = PBXFileReference; fileEncoding = 4; lastKnownFileType = sourcecode.swift; path = AboutTableViewController.swift; sourceTree = "<group>"; };
		526A5E271E507A9B00944770 /* ContactTableViewController.swift */ = {isa = PBXFileReference; fileEncoding = 4; lastKnownFileType = sourcecode.swift; path = ContactTableViewController.swift; sourceTree = "<group>"; };
		526A5E2A1E50823D00944770 /* MoreAppsTableViewController.swift */ = {isa = PBXFileReference; fileEncoding = 4; lastKnownFileType = sourcecode.swift; path = MoreAppsTableViewController.swift; sourceTree = "<group>"; };
		526A5E2C1E508E7800944770 /* FTViewController.swift */ = {isa = PBXFileReference; fileEncoding = 4; lastKnownFileType = sourcecode.swift; path = FTViewController.swift; sourceTree = "<group>"; };
/* End PBXFileReference section */

/* Begin PBXFrameworksBuildPhase section */
		523604041E4DEF0E005E8129 /* Frameworks */ = {
			isa = PBXFrameworksBuildPhase;
			buildActionMask = 2147483647;
			files = (
				5236043A1E4E16F8005E8129 /* Social.framework in Frameworks */,
			);
			runOnlyForDeploymentPostprocessing = 0;
		};
		523604181E4DEF0F005E8129 /* Frameworks */ = {
			isa = PBXFrameworksBuildPhase;
			buildActionMask = 2147483647;
			files = (
			);
			runOnlyForDeploymentPostprocessing = 0;
		};
		523604231E4DEF0F005E8129 /* Frameworks */ = {
			isa = PBXFrameworksBuildPhase;
			buildActionMask = 2147483647;
			files = (
			);
			runOnlyForDeploymentPostprocessing = 0;
		};
/* End PBXFrameworksBuildPhase section */

/* Begin PBXGroup section */
		296BD4201E51823700053556 /* Quote */ = {
			isa = PBXGroup;
			children = (
				5236043D1E4E27A3005E8129 /* QuoteViewController.swift */,
			);
			name = Quote;
			sourceTree = "<group>";
		};
		296BD4211E51824700053556 /* About */ = {
			isa = PBXGroup;
			children = (
				525A96CC1E4F4558009B8988 /* AboutTableViewController.swift */,
			);
			name = About;
			sourceTree = "<group>";
		};
		296BD4221E51827800053556 /* Awards */ = {
			isa = PBXGroup;
			children = (
				296BD4231E51829900053556 /* AwardsTableViewCell.swift */,
				296BD4251E5182AA00053556 /* AwardsViewController.swift */,
			);
			name = Awards;
			path = ..;
			sourceTree = "<group>";
		};
		523603FE1E4DEF0D005E8129 = {
			isa = PBXGroup;
			children = (
				523604091E4DEF0E005E8129 /* ActionSheetInSwift */,
				5236041E1E4DEF0F005E8129 /* ActionSheetInSwiftTests */,
				523604291E4DEF0F005E8129 /* ActionSheetInSwiftUITests */,
				523604081E4DEF0E005E8129 /* Products */,
				523604381E4E16F7005E8129 /* Frameworks */,
			);
			sourceTree = "<group>";
		};
		523604081E4DEF0E005E8129 /* Products */ = {
			isa = PBXGroup;
			children = (
				523604071E4DEF0E005E8129 /* ActionSheetInSwift.app */,
				5236041B1E4DEF0F005E8129 /* ActionSheetInSwiftTests.xctest */,
				523604261E4DEF0F005E8129 /* ActionSheetInSwiftUITests.xctest */,
			);
			name = Products;
			sourceTree = "<group>";
		};
		523604091E4DEF0E005E8129 /* ActionSheetInSwift */ = {
			isa = PBXGroup;
			children = (
				296BD4221E51827800053556 /* Awards */,
				296BD4211E51824700053556 /* About */,
				296BD4201E51823700053556 /* Quote */,
				526A5E291E50822200944770 /* More Apps */,
				526A5E261E50799E00944770 /* ContactUs */,
				5236040A1E4DEF0E005E8129 /* AppDelegate.swift */,
				5236040E1E4DEF0E005E8129 /* Main.storyboard */,
				523604111E4DEF0E005E8129 /* Assets.xcassets */,
				523604131E4DEF0E005E8129 /* LaunchScreen.storyboard */,
				523604161E4DEF0E005E8129 /* Info.plist */,
			);
			path = ActionSheetInSwift;
			sourceTree = "<group>";
		};
		5236041E1E4DEF0F005E8129 /* ActionSheetInSwiftTests */ = {
			isa = PBXGroup;
			children = (
				5236041F1E4DEF0F005E8129 /* ActionSheetInSwiftTests.swift */,
				523604211E4DEF0F005E8129 /* Info.plist */,
			);
			path = ActionSheetInSwiftTests;
			sourceTree = "<group>";
		};
		523604291E4DEF0F005E8129 /* ActionSheetInSwiftUITests */ = {
			isa = PBXGroup;
			children = (
				5236042A1E4DEF0F005E8129 /* ActionSheetInSwiftUITests.swift */,
				5236042C1E4DEF0F005E8129 /* Info.plist */,
			);
			path = ActionSheetInSwiftUITests;
			sourceTree = "<group>";
		};
		523604381E4E16F7005E8129 /* Frameworks */ = {
			isa = PBXGroup;
			children = (
				523604391E4E16F8005E8129 /* Social.framework */,
			);
			name = Frameworks;
			sourceTree = "<group>";
		};
		526A5E261E50799E00944770 /* ContactUs */ = {
			isa = PBXGroup;
			children = (
				526A5E271E507A9B00944770 /* ContactTableViewController.swift */,
				526A5E2C1E508E7800944770 /* FTViewController.swift */,
			);
			name = ContactUs;
			sourceTree = "<group>";
		};
		526A5E291E50822200944770 /* More Apps */ = {
			isa = PBXGroup;
			children = (
				526A5E2A1E50823D00944770 /* MoreAppsTableViewController.swift */,
			);
			name = "More Apps";
			sourceTree = "<group>";
		};
/* End PBXGroup section */

/* Begin PBXNativeTarget section */
		523604061E4DEF0E005E8129 /* ActionSheetInSwift */ = {
			isa = PBXNativeTarget;
			buildConfigurationList = 5236042F1E4DEF0F005E8129 /* Build configuration list for PBXNativeTarget "ActionSheetInSwift" */;
			buildPhases = (
				523604031E4DEF0E005E8129 /* Sources */,
				523604041E4DEF0E005E8129 /* Frameworks */,
				523604051E4DEF0E005E8129 /* Resources */,
			);
			buildRules = (
			);
			dependencies = (
			);
			name = ActionSheetInSwift;
			productName = ActionSheetInSwift;
			productReference = 523604071E4DEF0E005E8129 /* ActionSheetInSwift.app */;
			productType = "com.apple.product-type.application";
		};
		5236041A1E4DEF0F005E8129 /* ActionSheetInSwiftTests */ = {
			isa = PBXNativeTarget;
			buildConfigurationList = 523604321E4DEF0F005E8129 /* Build configuration list for PBXNativeTarget "ActionSheetInSwiftTests" */;
			buildPhases = (
				523604171E4DEF0F005E8129 /* Sources */,
				523604181E4DEF0F005E8129 /* Frameworks */,
				523604191E4DEF0F005E8129 /* Resources */,
			);
			buildRules = (
			);
			dependencies = (
				5236041D1E4DEF0F005E8129 /* PBXTargetDependency */,
			);
			name = ActionSheetInSwiftTests;
			productName = ActionSheetInSwiftTests;
			productReference = 5236041B1E4DEF0F005E8129 /* ActionSheetInSwiftTests.xctest */;
			productType = "com.apple.product-type.bundle.unit-test";
		};
		523604251E4DEF0F005E8129 /* ActionSheetInSwiftUITests */ = {
			isa = PBXNativeTarget;
			buildConfigurationList = 523604351E4DEF0F005E8129 /* Build configuration list for PBXNativeTarget "ActionSheetInSwiftUITests" */;
			buildPhases = (
				523604221E4DEF0F005E8129 /* Sources */,
				523604231E4DEF0F005E8129 /* Frameworks */,
				523604241E4DEF0F005E8129 /* Resources */,
			);
			buildRules = (
			);
			dependencies = (
				523604281E4DEF0F005E8129 /* PBXTargetDependency */,
			);
			name = ActionSheetInSwiftUITests;
			productName = ActionSheetInSwiftUITests;
			productReference = 523604261E4DEF0F005E8129 /* ActionSheetInSwiftUITests.xctest */;
			productType = "com.apple.product-type.bundle.ui-testing";
		};
/* End PBXNativeTarget section */

/* Begin PBXProject section */
		523603FF1E4DEF0D005E8129 /* Project object */ = {
			isa = PBXProject;
			attributes = {
				LastSwiftUpdateCheck = 0820;
				LastUpgradeCheck = 0820;
				ORGANIZATIONNAME = com.meheboob;
				TargetAttributes = {
					523604061E4DEF0E005E8129 = {
						CreatedOnToolsVersion = 8.2.1;
						DevelopmentTeam = 4WXHX2LK83;
						ProvisioningStyle = Automatic;
					};
					5236041A1E4DEF0F005E8129 = {
						CreatedOnToolsVersion = 8.2.1;
						ProvisioningStyle = Automatic;
						TestTargetID = 523604061E4DEF0E005E8129;
					};
					523604251E4DEF0F005E8129 = {
						CreatedOnToolsVersion = 8.2.1;
						ProvisioningStyle = Automatic;
						TestTargetID = 523604061E4DEF0E005E8129;
					};
				};
			};
			buildConfigurationList = 523604021E4DEF0D005E8129 /* Build configuration list for PBXProject "ActionSheetInSwift" */;
			compatibilityVersion = "Xcode 3.2";
			developmentRegion = English;
			hasScannedForEncodings = 0;
			knownRegions = (
				en,
				Base,
			);
			mainGroup = 523603FE1E4DEF0D005E8129;
			productRefGroup = 523604081E4DEF0E005E8129 /* Products */;
			projectDirPath = "";
			projectRoot = "";
			targets = (
				523604061E4DEF0E005E8129 /* ActionSheetInSwift */,
				5236041A1E4DEF0F005E8129 /* ActionSheetInSwiftTests */,
				523604251E4DEF0F005E8129 /* ActionSheetInSwiftUITests */,
			);
		};
/* End PBXProject section */

/* Begin PBXResourcesBuildPhase section */
		523604051E4DEF0E005E8129 /* Resources */ = {
			isa = PBXResourcesBuildPhase;
			buildActionMask = 2147483647;
			files = (
				523604151E4DEF0E005E8129 /* LaunchScreen.storyboard in Resources */,
				523604121E4DEF0E005E8129 /* Assets.xcassets in Resources */,
				523604101E4DEF0E005E8129 /* Main.storyboard in Resources */,
			);
			runOnlyForDeploymentPostprocessing = 0;
		};
		523604191E4DEF0F005E8129 /* Resources */ = {
			isa = PBXResourcesBuildPhase;
			buildActionMask = 2147483647;
			files = (
			);
			runOnlyForDeploymentPostprocessing = 0;
		};
		523604241E4DEF0F005E8129 /* Resources */ = {
			isa = PBXResourcesBuildPhase;
			buildActionMask = 2147483647;
			files = (
			);
			runOnlyForDeploymentPostprocessing = 0;
		};
/* End PBXResourcesBuildPhase section */

/* Begin PBXSourcesBuildPhase section */
		523604031E4DEF0E005E8129 /* Sources */ = {
			isa = PBXSourcesBuildPhase;
			buildActionMask = 2147483647;
			files = (
				5236043E1E4E27A3005E8129 /* QuoteViewController.swift in Sources */,
				296BD4241E51829900053556 /* AwardsTableViewCell.swift in Sources */,
				526A5E2B1E50823D00944770 /* MoreAppsTableViewController.swift in Sources */,
				526A5E281E507A9B00944770 /* ContactTableViewController.swift in Sources */,
				5236040B1E4DEF0E005E8129 /* AppDelegate.swift in Sources */,
				525A96CD1E4F4558009B8988 /* AboutTableViewController.swift in Sources */,
				526A5E2D1E508E7800944770 /* FTViewController.swift in Sources */,
				296BD4261E5182AA00053556 /* AwardsViewController.swift in Sources */,
			);
			runOnlyForDeploymentPostprocessing = 0;
		};
		523604171E4DEF0F005E8129 /* Sources */ = {
			isa = PBXSourcesBuildPhase;
			buildActionMask = 2147483647;
			files = (
				523604201E4DEF0F005E8129 /* ActionSheetInSwiftTests.swift in Sources */,
			);
			runOnlyForDeploymentPostprocessing = 0;
		};
		523604221E4DEF0F005E8129 /* Sources */ = {
			isa = PBXSourcesBuildPhase;
			buildActionMask = 2147483647;
			files = (
				5236042B1E4DEF0F005E8129 /* ActionSheetInSwiftUITests.swift in Sources */,
			);
			runOnlyForDeploymentPostprocessing = 0;
		};
/* End PBXSourcesBuildPhase section */

/* Begin PBXTargetDependency section */
		5236041D1E4DEF0F005E8129 /* PBXTargetDependency */ = {
			isa = PBXTargetDependency;
			target = 523604061E4DEF0E005E8129 /* ActionSheetInSwift */;
			targetProxy = 5236041C1E4DEF0F005E8129 /* PBXContainerItemProxy */;
		};
		523604281E4DEF0F005E8129 /* PBXTargetDependency */ = {
			isa = PBXTargetDependency;
			target = 523604061E4DEF0E005E8129 /* ActionSheetInSwift */;
			targetProxy = 523604271E4DEF0F005E8129 /* PBXContainerItemProxy */;
		};
/* End PBXTargetDependency section */

/* Begin PBXVariantGroup section */
		5236040E1E4DEF0E005E8129 /* Main.storyboard */ = {
			isa = PBXVariantGroup;
			children = (
				5236040F1E4DEF0E005E8129 /* Base */,
			);
			name = Main.storyboard;
			sourceTree = "<group>";
		};
		523604131E4DEF0E005E8129 /* LaunchScreen.storyboard */ = {
			isa = PBXVariantGroup;
			children = (
				523604141E4DEF0E005E8129 /* Base */,
			);
			name = LaunchScreen.storyboard;
			sourceTree = "<group>";
		};
/* End PBXVariantGroup section */

/* Begin XCBuildConfiguration section */
		5236042D1E4DEF0F005E8129 /* Debug */ = {
			isa = XCBuildConfiguration;
			buildSettings = {
				ALWAYS_SEARCH_USER_PATHS = NO;
				CLANG_ANALYZER_NONNULL = YES;
				CLANG_CXX_LANGUAGE_STANDARD = "gnu++0x";
				CLANG_CXX_LIBRARY = "libc++";
				CLANG_ENABLE_MODULES = YES;
				CLANG_ENABLE_OBJC_ARC = YES;
				CLANG_WARN_BOOL_CONVERSION = YES;
				CLANG_WARN_CONSTANT_CONVERSION = YES;
				CLANG_WARN_DIRECT_OBJC_ISA_USAGE = YES_ERROR;
				CLANG_WARN_DOCUMENTATION_COMMENTS = YES;
				CLANG_WARN_EMPTY_BODY = YES;
				CLANG_WARN_ENUM_CONVERSION = YES;
				CLANG_WARN_INFINITE_RECURSION = YES;
				CLANG_WARN_INT_CONVERSION = YES;
				CLANG_WARN_OBJC_ROOT_CLASS = YES_ERROR;
				CLANG_WARN_SUSPICIOUS_MOVE = YES;
				CLANG_WARN_UNREACHABLE_CODE = YES;
				CLANG_WARN__DUPLICATE_METHOD_MATCH = YES;
				"CODE_SIGN_IDENTITY[sdk=iphoneos*]" = "iPhone Developer";
				COPY_PHASE_STRIP = NO;
				DEBUG_INFORMATION_FORMAT = dwarf;
				ENABLE_STRICT_OBJC_MSGSEND = YES;
				ENABLE_TESTABILITY = YES;
				GCC_C_LANGUAGE_STANDARD = gnu99;
				GCC_DYNAMIC_NO_PIC = NO;
				GCC_NO_COMMON_BLOCKS = YES;
				GCC_OPTIMIZATION_LEVEL = 0;
				GCC_PREPROCESSOR_DEFINITIONS = (
					"DEBUG=1",
					"$(inherited)",
				);
				GCC_WARN_64_TO_32_BIT_CONVERSION = YES;
				GCC_WARN_ABOUT_RETURN_TYPE = YES_ERROR;
				GCC_WARN_UNDECLARED_SELECTOR = YES;
				GCC_WARN_UNINITIALIZED_AUTOS = YES_AGGRESSIVE;
				GCC_WARN_UNUSED_FUNCTION = YES;
				GCC_WARN_UNUSED_VARIABLE = YES;
				IPHONEOS_DEPLOYMENT_TARGET = 10.2;
				MTL_ENABLE_DEBUG_INFO = YES;
				ONLY_ACTIVE_ARCH = YES;
				SDKROOT = iphoneos;
				SWIFT_ACTIVE_COMPILATION_CONDITIONS = DEBUG;
				SWIFT_OPTIMIZATION_LEVEL = "-Onone";
				TARGETED_DEVICE_FAMILY = "1,2";
			};
			name = Debug;
		};
		5236042E1E4DEF0F005E8129 /* Release */ = {
			isa = XCBuildConfiguration;
			buildSettings = {
				ALWAYS_SEARCH_USER_PATHS = NO;
				CLANG_ANALYZER_NONNULL = YES;
				CLANG_CXX_LANGUAGE_STANDARD = "gnu++0x";
				CLANG_CXX_LIBRARY = "libc++";
				CLANG_ENABLE_MODULES = YES;
				CLANG_ENABLE_OBJC_ARC = YES;
				CLANG_WARN_BOOL_CONVERSION = YES;
				CLANG_WARN_CONSTANT_CONVERSION = YES;
				CLANG_WARN_DIRECT_OBJC_ISA_USAGE = YES_ERROR;
				CLANG_WARN_DOCUMENTATION_COMMENTS = YES;
				CLANG_WARN_EMPTY_BODY = YES;
				CLANG_WARN_ENUM_CONVERSION = YES;
				CLANG_WARN_INFINITE_RECURSION = YES;
				CLANG_WARN_INT_CONVERSION = YES;
				CLANG_WARN_OBJC_ROOT_CLASS = YES_ERROR;
				CLANG_WARN_SUSPICIOUS_MOVE = YES;
				CLANG_WARN_UNREACHABLE_CODE = YES;
				CLANG_WARN__DUPLICATE_METHOD_MATCH = YES;
				"CODE_SIGN_IDENTITY[sdk=iphoneos*]" = "iPhone Developer";
				COPY_PHASE_STRIP = NO;
				DEBUG_INFORMATION_FORMAT = "dwarf-with-dsym";
				ENABLE_NS_ASSERTIONS = NO;
				ENABLE_STRICT_OBJC_MSGSEND = YES;
				GCC_C_LANGUAGE_STANDARD = gnu99;
				GCC_NO_COMMON_BLOCKS = YES;
				GCC_WARN_64_TO_32_BIT_CONVERSION = YES;
				GCC_WARN_ABOUT_RETURN_TYPE = YES_ERROR;
				GCC_WARN_UNDECLARED_SELECTOR = YES;
				GCC_WARN_UNINITIALIZED_AUTOS = YES_AGGRESSIVE;
				GCC_WARN_UNUSED_FUNCTION = YES;
				GCC_WARN_UNUSED_VARIABLE = YES;
				IPHONEOS_DEPLOYMENT_TARGET = 10.2;
				MTL_ENABLE_DEBUG_INFO = NO;
				SDKROOT = iphoneos;
				SWIFT_OPTIMIZATION_LEVEL = "-Owholemodule";
				TARGETED_DEVICE_FAMILY = "1,2";
				VALIDATE_PRODUCT = YES;
			};
			name = Release;
		};
		523604301E4DEF0F005E8129 /* Debug */ = {
			isa = XCBuildConfiguration;
			buildSettings = {
				ASSETCATALOG_COMPILER_APPICON_NAME = AppIcon;
				DEVELOPMENT_TEAM = 4WXHX2LK83;
				INFOPLIST_FILE = ActionSheetInSwift/Info.plist;
				LD_RUNPATH_SEARCH_PATHS = "$(inherited) @executable_path/Frameworks";
				PRODUCT_BUNDLE_IDENTIFIER = com.meheboob.APJHindiQuotes;
				PRODUCT_NAME = "$(TARGET_NAME)";
				SWIFT_VERSION = 3.0;
			};
			name = Debug;
		};
		523604311E4DEF0F005E8129 /* Release */ = {
			isa = XCBuildConfiguration;
			buildSettings = {
				ASSETCATALOG_COMPILER_APPICON_NAME = AppIcon;
				DEVELOPMENT_TEAM = 4WXHX2LK83;
				INFOPLIST_FILE = ActionSheetInSwift/Info.plist;
				LD_RUNPATH_SEARCH_PATHS = "$(inherited) @executable_path/Frameworks";
				PRODUCT_BUNDLE_IDENTIFIER = com.meheboob.APJHindiQuotes;
				PRODUCT_NAME = "$(TARGET_NAME)";
				SWIFT_VERSION = 3.0;
			};
			name = Release;
		};
		523604331E4DEF0F005E8129 /* Debug */ = {
			isa = XCBuildConfiguration;
			buildSettings = {
				ALWAYS_EMBED_SWIFT_STANDARD_LIBRARIES = YES;
				BUNDLE_LOADER = "$(TEST_HOST)";
				INFOPLIST_FILE = ActionSheetInSwiftTests/Info.plist;
				LD_RUNPATH_SEARCH_PATHS = "$(inherited) @executable_path/Frameworks @loader_path/Frameworks";
				PRODUCT_BUNDLE_IDENTIFIER = com.meheboob.ActionSheetInSwiftTests;
				PRODUCT_NAME = "$(TARGET_NAME)";
				SWIFT_VERSION = 3.0;
				TEST_HOST = "$(BUILT_PRODUCTS_DIR)/ActionSheetInSwift.app/ActionSheetInSwift";
			};
			name = Debug;
		};
		523604341E4DEF0F005E8129 /* Release */ = {
			isa = XCBuildConfiguration;
			buildSettings = {
				ALWAYS_EMBED_SWIFT_STANDARD_LIBRARIES = YES;
				BUNDLE_LOADER = "$(TEST_HOST)";
				INFOPLIST_FILE = ActionSheetInSwiftTests/Info.plist;
				LD_RUNPATH_SEARCH_PATHS = "$(inherited) @executable_path/Frameworks @loader_path/Frameworks";
				PRODUCT_BUNDLE_IDENTIFIER = com.meheboob.ActionSheetInSwiftTests;
				PRODUCT_NAME = "$(TARGET_NAME)";
				SWIFT_VERSION = 3.0;
				TEST_HOST = "$(BUILT_PRODUCTS_DIR)/ActionSheetInSwift.app/ActionSheetInSwift";
			};
			name = Release;
		};
		523604361E4DEF0F005E8129 /* Debug */ = {
			isa = XCBuildConfiguration;
			buildSettings = {
				ALWAYS_EMBED_SWIFT_STANDARD_LIBRARIES = YES;
				INFOPLIST_FILE = ActionSheetInSwiftUITests/Info.plist;
				LD_RUNPATH_SEARCH_PATHS = "$(inherited) @executable_path/Frameworks @loader_path/Frameworks";
				PRODUCT_BUNDLE_IDENTIFIER = com.meheboob.ActionSheetInSwiftUITests;
				PRODUCT_NAME = "$(TARGET_NAME)";
				SWIFT_VERSION = 3.0;
				TEST_TARGET_NAME = ActionSheetInSwift;
			};
			name = Debug;
		};
		523604371E4DEF0F005E8129 /* Release */ = {
			isa = XCBuildConfiguration;
			buildSettings = {
				ALWAYS_EMBED_SWIFT_STANDARD_LIBRARIES = YES;
				INFOPLIST_FILE = ActionSheetInSwiftUITests/Info.plist;
				LD_RUNPATH_SEARCH_PATHS = "$(inherited) @executable_path/Frameworks @loader_path/Frameworks";
				PRODUCT_BUNDLE_IDENTIFIER = com.meheboob.ActionSheetInSwiftUITests;
				PRODUCT_NAME = "$(TARGET_NAME)";
				SWIFT_VERSION = 3.0;
				TEST_TARGET_NAME = ActionSheetInSwift;
			};
			name = Release;
		};
/* End XCBuildConfiguration section */

/* Begin XCConfigurationList section */
		523604021E4DEF0D005E8129 /* Build configuration list for PBXProject "ActionSheetInSwift" */ = {
			isa = XCConfigurationList;
			buildConfigurations = (
				5236042D1E4DEF0F005E8129 /* Debug */,
				5236042E1E4DEF0F005E8129 /* Release */,
			);
			defaultConfigurationIsVisible = 0;
			defaultConfigurationName = Release;
		};
		5236042F1E4DEF0F005E8129 /* Build configuration list for PBXNativeTarget "ActionSheetInSwift" */ = {
			isa = XCConfigurationList;
			buildConfigurations = (
				523604301E4DEF0F005E8129 /* Debug */,
				523604311E4DEF0F005E8129 /* Release */,
			);
			defaultConfigurationIsVisible = 0;
			defaultConfigurationName = Release;
		};
		523604321E4DEF0F005E8129 /* Build configuration list for PBXNativeTarget "ActionSheetInSwiftTests" */ = {
			isa = XCConfigurationList;
			buildConfigurations = (
				523604331E4DEF0F005E8129 /* Debug */,
				523604341E4DEF0F005E8129 /* Release */,
			);
			defaultConfigurationIsVisible = 0;
			defaultConfigurationName = Release;
		};
		523604351E4DEF0F005E8129 /* Build configuration list for PBXNativeTarget "ActionSheetInSwiftUITests" */ = {
			isa = XCConfigurationList;
			buildConfigurations = (
				523604361E4DEF0F005E8129 /* Debug */,
				523604371E4DEF0F005E8129 /* Release */,
			);
			defaultConfigurationIsVisible = 0;
			defaultConfigurationName = Release;
		};
/* End XCConfigurationList section */
	};
	rootObject = 523603FF1E4DEF0D005E8129 /* Project object */;
}
